// !$*UTF8*$!
{
	archiveVersion = 1;
	classes = {
	};
	objectVersion = 55;
	objects = {

/* Begin PBXBuildFile section */
		1F68D10B58F0C62308FD808C /* Pods_AlbumVisualizer_AlbumVisualizerUITests.framework in Frameworks */ = {isa = PBXBuildFile; fileRef = 2791212C19222D8DECCF21BF /* Pods_AlbumVisualizer_AlbumVisualizerUITests.framework */; };
		2D0EDE308192C387860C1CF7 /* Pods_AlbumVisualizer.framework in Frameworks */ = {isa = PBXBuildFile; fileRef = 700BA00AC4750FF0707CC830 /* Pods_AlbumVisualizer.framework */; };
		439524A7288751D1006E2C68 /* AlbumVisualizer.xcdatamodeld in Sources */ = {isa = PBXBuildFile; fileRef = 43CB72CF288565ED0092B467 /* AlbumVisualizer.xcdatamodeld */; };
		43CB72D3288578300092B467 /* CoreDataManager.swift in Sources */ = {isa = PBXBuildFile; fileRef = 43CB72D2288578300092B467 /* CoreDataManager.swift */; };
		43CB72D528857E2C0092B467 /* AlbumEntity.swift in Sources */ = {isa = PBXBuildFile; fileRef = 43CB72D428857E2C0092B467 /* AlbumEntity.swift */; };
		43CB72D72885806B0092B467 /* PhotosEntity.swift in Sources */ = {isa = PBXBuildFile; fileRef = 43CB72D62885806B0092B467 /* PhotosEntity.swift */; };
		43D4363C288016B500D9249A /* AppDelegate.swift in Sources */ = {isa = PBXBuildFile; fileRef = 43D4363B288016B500D9249A /* AppDelegate.swift */; };
		43D4363E288016B500D9249A /* SceneDelegate.swift in Sources */ = {isa = PBXBuildFile; fileRef = 43D4363D288016B500D9249A /* SceneDelegate.swift */; };
		43D43648288016B500D9249A /* Assets.xcassets in Resources */ = {isa = PBXBuildFile; fileRef = 43D43647288016B500D9249A /* Assets.xcassets */; };
		43D4364B288016B500D9249A /* LaunchScreen.storyboard in Resources */ = {isa = PBXBuildFile; fileRef = 43D43649288016B500D9249A /* LaunchScreen.storyboard */; };
		43D43656288016B500D9249A /* AlbumVisualizerTests.swift in Sources */ = {isa = PBXBuildFile; fileRef = 43D43655288016B500D9249A /* AlbumVisualizerTests.swift */; };
		43D43660288016B500D9249A /* AlbumVisualizerUITests.swift in Sources */ = {isa = PBXBuildFile; fileRef = 43D4365F288016B500D9249A /* AlbumVisualizerUITests.swift */; };
		43D43662288016B500D9249A /* AlbumVisualizerUITestsLaunchTests.swift in Sources */ = {isa = PBXBuildFile; fileRef = 43D43661288016B500D9249A /* AlbumVisualizerUITestsLaunchTests.swift */; };
		43D436702880173A00D9249A /* EndPoints.swift in Sources */ = {isa = PBXBuildFile; fileRef = 43D4366F2880173A00D9249A /* EndPoints.swift */; };
		43D436742880183E00D9249A /* URLSession+Service.swift in Sources */ = {isa = PBXBuildFile; fileRef = 43D436732880183E00D9249A /* URLSession+Service.swift */; };
		43D4367E288032A100D9249A /* OnBoardingViewController.swift in Sources */ = {isa = PBXBuildFile; fileRef = 43D4367D288032A100D9249A /* OnBoardingViewController.swift */; };
		43D43680288032AA00D9249A /* OnBoardingViewModel.swift in Sources */ = {isa = PBXBuildFile; fileRef = 43D4367F288032AA00D9249A /* OnBoardingViewModel.swift */; };
		43D43682288032C400D9249A /* OnBoarding.storyboard in Resources */ = {isa = PBXBuildFile; fileRef = 43D43681288032C400D9249A /* OnBoarding.storyboard */; };
		43D43684288032EB00D9249A /* Album.storyboard in Resources */ = {isa = PBXBuildFile; fileRef = 43D43683288032EB00D9249A /* Album.storyboard */; };
		43D436862880333400D9249A /* AlbumViewController.swift in Sources */ = {isa = PBXBuildFile; fileRef = 43D436852880333400D9249A /* AlbumViewController.swift */; };
		43D4368A2880334B00D9249A /* Photos.storyboard in Resources */ = {isa = PBXBuildFile; fileRef = 43D436892880334B00D9249A /* Photos.storyboard */; };
		43D4368C2880335300D9249A /* PhotoViewController.swift in Sources */ = {isa = PBXBuildFile; fileRef = 43D4368B2880335300D9249A /* PhotoViewController.swift */; };
		43D436922880338700D9249A /* PhotoDetailViewController.swift in Sources */ = {isa = PBXBuildFile; fileRef = 43D436912880338700D9249A /* PhotoDetailViewController.swift */; };
		43D436942880338B00D9249A /* PhotoDetail.storyboard in Resources */ = {isa = PBXBuildFile; fileRef = 43D436932880338B00D9249A /* PhotoDetail.storyboard */; };
		43D436962880521500D9249A /* swiftgen.yml in Resources */ = {isa = PBXBuildFile; fileRef = 43D436952880521500D9249A /* swiftgen.yml */; };
		43D4369A288052EC00D9249A /* Localizable.strings in Resources */ = {isa = PBXBuildFile; fileRef = 43D4369C288052EC00D9249A /* Localizable.strings */; };
		43D436A02880546F00D9249A /* Image.json in Resources */ = {isa = PBXBuildFile; fileRef = 43D4369F2880546F00D9249A /* Image.json */; };
		43D436A52880584C00D9249A /* Strings+Generated.swift in Sources */ = {isa = PBXBuildFile; fileRef = 43D436A32880584C00D9249A /* Strings+Generated.swift */; };
		43D436A62880584C00D9249A /* XCAssets+Generated.swift in Sources */ = {isa = PBXBuildFile; fileRef = 43D436A42880584C00D9249A /* XCAssets+Generated.swift */; };
		43D436AA2880607B00D9249A /* AnimateHighlight.swift in Sources */ = {isa = PBXBuildFile; fileRef = 43D436A92880607B00D9249A /* AnimateHighlight.swift */; };
		43D436AC2880609700D9249A /* ButtonAnimated.swift in Sources */ = {isa = PBXBuildFile; fileRef = 43D436AB2880609700D9249A /* ButtonAnimated.swift */; };
		43D436AF2881A28400D9249A /* UserDefaults+Keys.swift in Sources */ = {isa = PBXBuildFile; fileRef = 43D436AE2881A28400D9249A /* UserDefaults+Keys.swift */; };
		43D436B22881A43200D9249A /* IB-Scenes+Generated.swift in Sources */ = {isa = PBXBuildFile; fileRef = 43D436B02881A43200D9249A /* IB-Scenes+Generated.swift */; };
		43D436B32881A43200D9249A /* IB-Segues+Generated.swift in Sources */ = {isa = PBXBuildFile; fileRef = 43D436B12881A43200D9249A /* IB-Segues+Generated.swift */; };
		43D436BA2881BD6000D9249A /* Album.swift in Sources */ = {isa = PBXBuildFile; fileRef = 43D436B92881BD6000D9249A /* Album.swift */; };
		43D436BC2881BD7100D9249A /* Photo.swift in Sources */ = {isa = PBXBuildFile; fileRef = 43D436BB2881BD7100D9249A /* Photo.swift */; };
		43D436C22881C43200D9249A /* AlbumService.swift in Sources */ = {isa = PBXBuildFile; fileRef = 43D436C12881C43200D9249A /* AlbumService.swift */; };
		43D436C42881C43D00D9249A /* PhotoService.swift in Sources */ = {isa = PBXBuildFile; fileRef = 43D436C32881C43D00D9249A /* PhotoService.swift */; };
		43D436C62884826100D9249A /* Response.swift in Sources */ = {isa = PBXBuildFile; fileRef = 43D436C52884826100D9249A /* Response.swift */; };
		43D436C82884A84D00D9249A /* PhotoCollectionViewCell.swift in Sources */ = {isa = PBXBuildFile; fileRef = 43D436C72884A84D00D9249A /* PhotoCollectionViewCell.swift */; };
		43D436CA2884AD7300D9249A /* UIViewController+presentAlert.swift in Sources */ = {isa = PBXBuildFile; fileRef = 43D436C92884AD7300D9249A /* UIViewController+presentAlert.swift */; };
		F9782D674750F78D21DEE8CD /* Pods_AlbumVisualizerTests.framework in Frameworks */ = {isa = PBXBuildFile; fileRef = 8C75642CB3C69E3FF74DC38A /* Pods_AlbumVisualizerTests.framework */; };
/* End PBXBuildFile section */

/* Begin PBXContainerItemProxy section */
		43D43652288016B500D9249A /* PBXContainerItemProxy */ = {
			isa = PBXContainerItemProxy;
			containerPortal = 43D43630288016B500D9249A /* Project object */;
			proxyType = 1;
			remoteGlobalIDString = 43D43637288016B500D9249A;
			remoteInfo = AlbumVisualizer;
		};
		43D4365C288016B500D9249A /* PBXContainerItemProxy */ = {
			isa = PBXContainerItemProxy;
			containerPortal = 43D43630288016B500D9249A /* Project object */;
			proxyType = 1;
			remoteGlobalIDString = 43D43637288016B500D9249A;
			remoteInfo = AlbumVisualizer;
		};
/* End PBXContainerItemProxy section */

/* Begin PBXFileReference section */
		081DBB60696604230AE89530 /* Pods-AlbumVisualizer.release.xcconfig */ = {isa = PBXFileReference; includeInIndex = 1; lastKnownFileType = text.xcconfig; name = "Pods-AlbumVisualizer.release.xcconfig"; path = "Target Support Files/Pods-AlbumVisualizer/Pods-AlbumVisualizer.release.xcconfig"; sourceTree = "<group>"; };
		1D557921B7E051E4E042FF13 /* Pods-AlbumVisualizer-AlbumVisualizerUITests.debug.xcconfig */ = {isa = PBXFileReference; includeInIndex = 1; lastKnownFileType = text.xcconfig; name = "Pods-AlbumVisualizer-AlbumVisualizerUITests.debug.xcconfig"; path = "Target Support Files/Pods-AlbumVisualizer-AlbumVisualizerUITests/Pods-AlbumVisualizer-AlbumVisualizerUITests.debug.xcconfig"; sourceTree = "<group>"; };
		2791212C19222D8DECCF21BF /* Pods_AlbumVisualizer_AlbumVisualizerUITests.framework */ = {isa = PBXFileReference; explicitFileType = wrapper.framework; includeInIndex = 0; path = Pods_AlbumVisualizer_AlbumVisualizerUITests.framework; sourceTree = BUILT_PRODUCTS_DIR; };
		43CB72D0288565ED0092B467 /* Albums.xcdatamodel */ = {isa = PBXFileReference; lastKnownFileType = wrapper.xcdatamodel; path = Albums.xcdatamodel; sourceTree = "<group>"; };
		43CB72D2288578300092B467 /* CoreDataManager.swift */ = {isa = PBXFileReference; lastKnownFileType = sourcecode.swift; path = CoreDataManager.swift; sourceTree = "<group>"; };
		43CB72D428857E2C0092B467 /* AlbumEntity.swift */ = {isa = PBXFileReference; lastKnownFileType = sourcecode.swift; path = AlbumEntity.swift; sourceTree = "<group>"; };
		43CB72D62885806B0092B467 /* PhotosEntity.swift */ = {isa = PBXFileReference; lastKnownFileType = sourcecode.swift; path = PhotosEntity.swift; sourceTree = "<group>"; };
		43D43638288016B500D9249A /* AlbumVisualizer.app */ = {isa = PBXFileReference; explicitFileType = wrapper.application; includeInIndex = 0; path = AlbumVisualizer.app; sourceTree = BUILT_PRODUCTS_DIR; };
		43D4363B288016B500D9249A /* AppDelegate.swift */ = {isa = PBXFileReference; lastKnownFileType = sourcecode.swift; path = AppDelegate.swift; sourceTree = "<group>"; };
		43D4363D288016B500D9249A /* SceneDelegate.swift */ = {isa = PBXFileReference; lastKnownFileType = sourcecode.swift; path = SceneDelegate.swift; sourceTree = "<group>"; };
		43D43645288016B500D9249A /* AlbumVisualizer.xcdatamodel */ = {isa = PBXFileReference; lastKnownFileType = wrapper.xcdatamodel; path = AlbumVisualizer.xcdatamodel; sourceTree = "<group>"; };
		43D43647288016B500D9249A /* Assets.xcassets */ = {isa = PBXFileReference; lastKnownFileType = folder.assetcatalog; path = Assets.xcassets; sourceTree = "<group>"; };
		43D4364A288016B500D9249A /* Base */ = {isa = PBXFileReference; lastKnownFileType = file.storyboard; name = Base; path = Base.lproj/LaunchScreen.storyboard; sourceTree = "<group>"; };
		43D4364C288016B500D9249A /* Info.plist */ = {isa = PBXFileReference; lastKnownFileType = text.plist.xml; path = Info.plist; sourceTree = "<group>"; };
		43D43651288016B500D9249A /* AlbumVisualizerTests.xctest */ = {isa = PBXFileReference; explicitFileType = wrapper.cfbundle; includeInIndex = 0; path = AlbumVisualizerTests.xctest; sourceTree = BUILT_PRODUCTS_DIR; };
		43D43655288016B500D9249A /* AlbumVisualizerTests.swift */ = {isa = PBXFileReference; lastKnownFileType = sourcecode.swift; path = AlbumVisualizerTests.swift; sourceTree = "<group>"; };
		43D4365B288016B500D9249A /* AlbumVisualizerUITests.xctest */ = {isa = PBXFileReference; explicitFileType = wrapper.cfbundle; includeInIndex = 0; path = AlbumVisualizerUITests.xctest; sourceTree = BUILT_PRODUCTS_DIR; };
		43D4365F288016B500D9249A /* AlbumVisualizerUITests.swift */ = {isa = PBXFileReference; lastKnownFileType = sourcecode.swift; path = AlbumVisualizerUITests.swift; sourceTree = "<group>"; };
		43D43661288016B500D9249A /* AlbumVisualizerUITestsLaunchTests.swift */ = {isa = PBXFileReference; lastKnownFileType = sourcecode.swift; path = AlbumVisualizerUITestsLaunchTests.swift; sourceTree = "<group>"; };
		43D4366F2880173A00D9249A /* EndPoints.swift */ = {isa = PBXFileReference; lastKnownFileType = sourcecode.swift; path = EndPoints.swift; sourceTree = "<group>"; };
		43D436732880183E00D9249A /* URLSession+Service.swift */ = {isa = PBXFileReference; lastKnownFileType = sourcecode.swift; path = "URLSession+Service.swift"; sourceTree = "<group>"; };
		43D4367D288032A100D9249A /* OnBoardingViewController.swift */ = {isa = PBXFileReference; lastKnownFileType = sourcecode.swift; path = OnBoardingViewController.swift; sourceTree = "<group>"; };
		43D4367F288032AA00D9249A /* OnBoardingViewModel.swift */ = {isa = PBXFileReference; lastKnownFileType = sourcecode.swift; path = OnBoardingViewModel.swift; sourceTree = "<group>"; };
		43D43681288032C400D9249A /* OnBoarding.storyboard */ = {isa = PBXFileReference; lastKnownFileType = file.storyboard; path = OnBoarding.storyboard; sourceTree = "<group>"; };
		43D43683288032EB00D9249A /* Album.storyboard */ = {isa = PBXFileReference; lastKnownFileType = file.storyboard; path = Album.storyboard; sourceTree = "<group>"; };
		43D436852880333400D9249A /* AlbumViewController.swift */ = {isa = PBXFileReference; lastKnownFileType = sourcecode.swift; path = AlbumViewController.swift; sourceTree = "<group>"; };
		43D436892880334B00D9249A /* Photos.storyboard */ = {isa = PBXFileReference; lastKnownFileType = file.storyboard; path = Photos.storyboard; sourceTree = "<group>"; };
		43D4368B2880335300D9249A /* PhotoViewController.swift */ = {isa = PBXFileReference; lastKnownFileType = sourcecode.swift; path = PhotoViewController.swift; sourceTree = "<group>"; };
		43D436912880338700D9249A /* PhotoDetailViewController.swift */ = {isa = PBXFileReference; lastKnownFileType = sourcecode.swift; path = PhotoDetailViewController.swift; sourceTree = "<group>"; };
		43D436932880338B00D9249A /* PhotoDetail.storyboard */ = {isa = PBXFileReference; lastKnownFileType = file.storyboard; path = PhotoDetail.storyboard; sourceTree = "<group>"; };
		43D436952880521500D9249A /* swiftgen.yml */ = {isa = PBXFileReference; fileEncoding = 4; lastKnownFileType = text.yaml; path = swiftgen.yml; sourceTree = "<group>"; };
		43D4369B288052EC00D9249A /* en */ = {isa = PBXFileReference; lastKnownFileType = text.plist.strings; name = en; path = en.lproj/Localizable.strings; sourceTree = "<group>"; };
		43D4369D2880534400D9249A /* fr */ = {isa = PBXFileReference; lastKnownFileType = text.plist.strings; name = fr; path = fr.lproj/Localizable.strings; sourceTree = "<group>"; };
		43D4369F2880546F00D9249A /* Image.json */ = {isa = PBXFileReference; fileEncoding = 4; lastKnownFileType = text.json; path = Image.json; sourceTree = "<group>"; };
		43D436A32880584C00D9249A /* Strings+Generated.swift */ = {isa = PBXFileReference; fileEncoding = 4; lastKnownFileType = sourcecode.swift; path = "Strings+Generated.swift"; sourceTree = "<group>"; };
		43D436A42880584C00D9249A /* XCAssets+Generated.swift */ = {isa = PBXFileReference; fileEncoding = 4; lastKnownFileType = sourcecode.swift; path = "XCAssets+Generated.swift"; sourceTree = "<group>"; };
		43D436A92880607B00D9249A /* AnimateHighlight.swift */ = {isa = PBXFileReference; lastKnownFileType = sourcecode.swift; path = AnimateHighlight.swift; sourceTree = "<group>"; };
		43D436AB2880609700D9249A /* ButtonAnimated.swift */ = {isa = PBXFileReference; lastKnownFileType = sourcecode.swift; path = ButtonAnimated.swift; sourceTree = "<group>"; };
		43D436AE2881A28400D9249A /* UserDefaults+Keys.swift */ = {isa = PBXFileReference; lastKnownFileType = sourcecode.swift; path = "UserDefaults+Keys.swift"; sourceTree = "<group>"; };
		43D436B02881A43200D9249A /* IB-Scenes+Generated.swift */ = {isa = PBXFileReference; fileEncoding = 4; lastKnownFileType = sourcecode.swift; path = "IB-Scenes+Generated.swift"; sourceTree = "<group>"; };
		43D436B12881A43200D9249A /* IB-Segues+Generated.swift */ = {isa = PBXFileReference; fileEncoding = 4; lastKnownFileType = sourcecode.swift; path = "IB-Segues+Generated.swift"; sourceTree = "<group>"; };
		43D436B92881BD6000D9249A /* Album.swift */ = {isa = PBXFileReference; lastKnownFileType = sourcecode.swift; path = Album.swift; sourceTree = "<group>"; };
		43D436BB2881BD7100D9249A /* Photo.swift */ = {isa = PBXFileReference; lastKnownFileType = sourcecode.swift; path = Photo.swift; sourceTree = "<group>"; };
		43D436C12881C43200D9249A /* AlbumService.swift */ = {isa = PBXFileReference; lastKnownFileType = sourcecode.swift; path = AlbumService.swift; sourceTree = "<group>"; };
		43D436C32881C43D00D9249A /* PhotoService.swift */ = {isa = PBXFileReference; lastKnownFileType = sourcecode.swift; path = PhotoService.swift; sourceTree = "<group>"; };
		43D436C52884826100D9249A /* Response.swift */ = {isa = PBXFileReference; lastKnownFileType = sourcecode.swift; path = Response.swift; sourceTree = "<group>"; };
		43D436C72884A84D00D9249A /* PhotoCollectionViewCell.swift */ = {isa = PBXFileReference; lastKnownFileType = sourcecode.swift; path = PhotoCollectionViewCell.swift; sourceTree = "<group>"; };
		43D436C92884AD7300D9249A /* UIViewController+presentAlert.swift */ = {isa = PBXFileReference; lastKnownFileType = sourcecode.swift; path = "UIViewController+presentAlert.swift"; sourceTree = "<group>"; };
		700BA00AC4750FF0707CC830 /* Pods_AlbumVisualizer.framework */ = {isa = PBXFileReference; explicitFileType = wrapper.framework; includeInIndex = 0; path = Pods_AlbumVisualizer.framework; sourceTree = BUILT_PRODUCTS_DIR; };
		78F8758C9A905C1DF352FDB8 /* Pods-AlbumVisualizer-AlbumVisualizerUITests.release.xcconfig */ = {isa = PBXFileReference; includeInIndex = 1; lastKnownFileType = text.xcconfig; name = "Pods-AlbumVisualizer-AlbumVisualizerUITests.release.xcconfig"; path = "Target Support Files/Pods-AlbumVisualizer-AlbumVisualizerUITests/Pods-AlbumVisualizer-AlbumVisualizerUITests.release.xcconfig"; sourceTree = "<group>"; };
		8C75642CB3C69E3FF74DC38A /* Pods_AlbumVisualizerTests.framework */ = {isa = PBXFileReference; explicitFileType = wrapper.framework; includeInIndex = 0; path = Pods_AlbumVisualizerTests.framework; sourceTree = BUILT_PRODUCTS_DIR; };
		D42C6CE3B53522E3E690445F /* Pods-AlbumVisualizerTests.release.xcconfig */ = {isa = PBXFileReference; includeInIndex = 1; lastKnownFileType = text.xcconfig; name = "Pods-AlbumVisualizerTests.release.xcconfig"; path = "Target Support Files/Pods-AlbumVisualizerTests/Pods-AlbumVisualizerTests.release.xcconfig"; sourceTree = "<group>"; };
		D561C8A813972ED6E44DF323 /* Pods-AlbumVisualizerTests.debug.xcconfig */ = {isa = PBXFileReference; includeInIndex = 1; lastKnownFileType = text.xcconfig; name = "Pods-AlbumVisualizerTests.debug.xcconfig"; path = "Target Support Files/Pods-AlbumVisualizerTests/Pods-AlbumVisualizerTests.debug.xcconfig"; sourceTree = "<group>"; };
		DFC1EC3FEF637BFA2D385934 /* Pods-AlbumVisualizer.debug.xcconfig */ = {isa = PBXFileReference; includeInIndex = 1; lastKnownFileType = text.xcconfig; name = "Pods-AlbumVisualizer.debug.xcconfig"; path = "Target Support Files/Pods-AlbumVisualizer/Pods-AlbumVisualizer.debug.xcconfig"; sourceTree = "<group>"; };
/* End PBXFileReference section */

/* Begin PBXFrameworksBuildPhase section */
		43D43635288016B500D9249A /* Frameworks */ = {
			isa = PBXFrameworksBuildPhase;
			buildActionMask = 2147483647;
			files = (
				2D0EDE308192C387860C1CF7 /* Pods_AlbumVisualizer.framework in Frameworks */,
			);
			runOnlyForDeploymentPostprocessing = 0;
		};
		43D4364E288016B500D9249A /* Frameworks */ = {
			isa = PBXFrameworksBuildPhase;
			buildActionMask = 2147483647;
			files = (
				F9782D674750F78D21DEE8CD /* Pods_AlbumVisualizerTests.framework in Frameworks */,
			);
			runOnlyForDeploymentPostprocessing = 0;
		};
		43D43658288016B500D9249A /* Frameworks */ = {
			isa = PBXFrameworksBuildPhase;
			buildActionMask = 2147483647;
			files = (
				1F68D10B58F0C62308FD808C /* Pods_AlbumVisualizer_AlbumVisualizerUITests.framework in Frameworks */,
			);
			runOnlyForDeploymentPostprocessing = 0;
		};
/* End PBXFrameworksBuildPhase section */

/* Begin PBXGroup section */
		439524A9288752E5006E2C68 /* CoreData */ = {
			isa = PBXGroup;
			children = (
				43CB72CF288565ED0092B467 /* AlbumVisualizer.xcdatamodeld */,
				43CB72D2288578300092B467 /* CoreDataManager.swift */,
				43CB72D428857E2C0092B467 /* AlbumEntity.swift */,
				43CB72D62885806B0092B467 /* PhotosEntity.swift */,
			);
			path = CoreData;
			sourceTree = "<group>";
		};
		43D4362F288016B500D9249A = {
			isa = PBXGroup;
			children = (
				43D436952880521500D9249A /* swiftgen.yml */,
				43D4363A288016B500D9249A /* AlbumVisualizer */,
				43D43654288016B500D9249A /* AlbumVisualizerTests */,
				43D4365E288016B500D9249A /* AlbumVisualizerUITests */,
				43D43639288016B500D9249A /* Products */,
				F1FD65FCA7CC8B90585755F4 /* Pods */,
				5982E92C187FD290C573FACA /* Frameworks */,
			);
			sourceTree = "<group>";
		};
		43D43639288016B500D9249A /* Products */ = {
			isa = PBXGroup;
			children = (
				43D43638288016B500D9249A /* AlbumVisualizer.app */,
				43D43651288016B500D9249A /* AlbumVisualizerTests.xctest */,
				43D4365B288016B500D9249A /* AlbumVisualizerUITests.xctest */,
			);
			name = Products;
			sourceTree = "<group>";
		};
		43D4363A288016B500D9249A /* AlbumVisualizer */ = {
			isa = PBXGroup;
			children = (
				439524A9288752E5006E2C68 /* CoreData */,
				43D436AD2881A27300D9249A /* Extensions */,
				43D436A82880605D00D9249A /* Components */,
				43D436A72880605900D9249A /* Protocols */,
				43D43697288052A900D9249A /* Resources */,
				43D4367828801B9700D9249A /* Scenes */,
				43D4367528801B5F00D9249A /* Models */,
				43D4366E2880172F00D9249A /* Networking */,
				43D436A12880562D00D9249A /* Generated */,
				43D4363B288016B500D9249A /* AppDelegate.swift */,
				43D4363D288016B500D9249A /* SceneDelegate.swift */,
				43D4364C288016B500D9249A /* Info.plist */,
				43D43644288016B500D9249A /* AlbumVisualizer.xcdatamodeld */,
			);
			path = AlbumVisualizer;
			sourceTree = "<group>";
		};
		43D43654288016B500D9249A /* AlbumVisualizerTests */ = {
			isa = PBXGroup;
			children = (
				43D43655288016B500D9249A /* AlbumVisualizerTests.swift */,
			);
			path = AlbumVisualizerTests;
			sourceTree = "<group>";
		};
		43D4365E288016B500D9249A /* AlbumVisualizerUITests */ = {
			isa = PBXGroup;
			children = (
				43D4365F288016B500D9249A /* AlbumVisualizerUITests.swift */,
				43D43661288016B500D9249A /* AlbumVisualizerUITestsLaunchTests.swift */,
			);
			path = AlbumVisualizerUITests;
			sourceTree = "<group>";
		};
		43D4366E2880172F00D9249A /* Networking */ = {
			isa = PBXGroup;
			children = (
				43D4366F2880173A00D9249A /* EndPoints.swift */,
				43D436732880183E00D9249A /* URLSession+Service.swift */,
				43D436C52884826100D9249A /* Response.swift */,
			);
			path = Networking;
			sourceTree = "<group>";
		};
		43D4367528801B5F00D9249A /* Models */ = {
			isa = PBXGroup;
			children = (
				43D436BF2881C3EC00D9249A /* Album */,
				43D436C02881C3F000D9249A /* Photo */,
			);
			path = Models;
			sourceTree = "<group>";
		};
		43D4367828801B9700D9249A /* Scenes */ = {
			isa = PBXGroup;
			children = (
				43D4367C28801BE500D9249A /* OnBoarding */,
				43D4367928801BB900D9249A /* Album */,
				43D4367A28801BBD00D9249A /* Photos */,
				43D4367B28801BC200D9249A /* PhotoDetail */,
			);
			path = Scenes;
			sourceTree = "<group>";
		};
		43D4367928801BB900D9249A /* Album */ = {
			isa = PBXGroup;
			children = (
				43D43683288032EB00D9249A /* Album.storyboard */,
				43D436852880333400D9249A /* AlbumViewController.swift */,
			);
			path = Album;
			sourceTree = "<group>";
		};
		43D4367A28801BBD00D9249A /* Photos */ = {
			isa = PBXGroup;
			children = (
				43D436892880334B00D9249A /* Photos.storyboard */,
				43D4368B2880335300D9249A /* PhotoViewController.swift */,
				43D436C72884A84D00D9249A /* PhotoCollectionViewCell.swift */,
			);
			path = Photos;
			sourceTree = "<group>";
		};
		43D4367B28801BC200D9249A /* PhotoDetail */ = {
			isa = PBXGroup;
			children = (
				43D436932880338B00D9249A /* PhotoDetail.storyboard */,
				43D436912880338700D9249A /* PhotoDetailViewController.swift */,
			);
			path = PhotoDetail;
			sourceTree = "<group>";
		};
		43D4367C28801BE500D9249A /* OnBoarding */ = {
			isa = PBXGroup;
			children = (
				43D43681288032C400D9249A /* OnBoarding.storyboard */,
				43D4367F288032AA00D9249A /* OnBoardingViewModel.swift */,
				43D4367D288032A100D9249A /* OnBoardingViewController.swift */,
			);
			path = OnBoarding;
			sourceTree = "<group>";
		};
		43D43697288052A900D9249A /* Resources */ = {
			isa = PBXGroup;
			children = (
				43D4369E2880544900D9249A /* Lottie */,
				43D43649288016B500D9249A /* LaunchScreen.storyboard */,
				43D43647288016B500D9249A /* Assets.xcassets */,
				43D4369C288052EC00D9249A /* Localizable.strings */,
			);
			path = Resources;
			sourceTree = "<group>";
		};
		43D4369E2880544900D9249A /* Lottie */ = {
			isa = PBXGroup;
			children = (
				43D4369F2880546F00D9249A /* Image.json */,
			);
			path = Lottie;
			sourceTree = "<group>";
		};
		43D436A12880562D00D9249A /* Generated */ = {
			isa = PBXGroup;
			children = (
				43D436B02881A43200D9249A /* IB-Scenes+Generated.swift */,
				43D436B12881A43200D9249A /* IB-Segues+Generated.swift */,
				43D436A32880584C00D9249A /* Strings+Generated.swift */,
				43D436A42880584C00D9249A /* XCAssets+Generated.swift */,
			);
			path = Generated;
			sourceTree = "<group>";
		};
		43D436A72880605900D9249A /* Protocols */ = {
			isa = PBXGroup;
			children = (
				43D436A92880607B00D9249A /* AnimateHighlight.swift */,
			);
			path = Protocols;
			sourceTree = "<group>";
		};
		43D436A82880605D00D9249A /* Components */ = {
			isa = PBXGroup;
			children = (
				43D436AB2880609700D9249A /* ButtonAnimated.swift */,
			);
			path = Components;
			sourceTree = "<group>";
		};
		43D436AD2881A27300D9249A /* Extensions */ = {
			isa = PBXGroup;
			children = (
				43D436AE2881A28400D9249A /* UserDefaults+Keys.swift */,
				43D436C92884AD7300D9249A /* UIViewController+presentAlert.swift */,
			);
			path = Extensions;
			sourceTree = "<group>";
		};
		43D436BF2881C3EC00D9249A /* Album */ = {
			isa = PBXGroup;
			children = (
				43D436B92881BD6000D9249A /* Album.swift */,
				43D436C12881C43200D9249A /* AlbumService.swift */,
			);
			path = Album;
			sourceTree = "<group>";
		};
		43D436C02881C3F000D9249A /* Photo */ = {
			isa = PBXGroup;
			children = (
				43D436BB2881BD7100D9249A /* Photo.swift */,
				43D436C32881C43D00D9249A /* PhotoService.swift */,
			);
			path = Photo;
			sourceTree = "<group>";
		};
		5982E92C187FD290C573FACA /* Frameworks */ = {
			isa = PBXGroup;
			children = (
				700BA00AC4750FF0707CC830 /* Pods_AlbumVisualizer.framework */,
				2791212C19222D8DECCF21BF /* Pods_AlbumVisualizer_AlbumVisualizerUITests.framework */,
				8C75642CB3C69E3FF74DC38A /* Pods_AlbumVisualizerTests.framework */,
			);
			name = Frameworks;
			sourceTree = "<group>";
		};
		F1FD65FCA7CC8B90585755F4 /* Pods */ = {
			isa = PBXGroup;
			children = (
				DFC1EC3FEF637BFA2D385934 /* Pods-AlbumVisualizer.debug.xcconfig */,
				081DBB60696604230AE89530 /* Pods-AlbumVisualizer.release.xcconfig */,
				1D557921B7E051E4E042FF13 /* Pods-AlbumVisualizer-AlbumVisualizerUITests.debug.xcconfig */,
				78F8758C9A905C1DF352FDB8 /* Pods-AlbumVisualizer-AlbumVisualizerUITests.release.xcconfig */,
				D561C8A813972ED6E44DF323 /* Pods-AlbumVisualizerTests.debug.xcconfig */,
				D42C6CE3B53522E3E690445F /* Pods-AlbumVisualizerTests.release.xcconfig */,
			);
			path = Pods;
			sourceTree = "<group>";
		};
/* End PBXGroup section */

/* Begin PBXNativeTarget section */
		43D43637288016B500D9249A /* AlbumVisualizer */ = {
			isa = PBXNativeTarget;
			buildConfigurationList = 43D43665288016B500D9249A /* Build configuration list for PBXNativeTarget "AlbumVisualizer" */;
			buildPhases = (
				544A4A7640D684D277899086 /* [CP] Check Pods Manifest.lock */,
				43D436A2288056F700D9249A /* ShellScript */,
				43D43634288016B500D9249A /* Sources */,
				43D43635288016B500D9249A /* Frameworks */,
				43D43636288016B500D9249A /* Resources */,
				727E0BC6552D9FBA5EEFC6A0 /* [CP] Embed Pods Frameworks */,
			);
			buildRules = (
			);
			dependencies = (
			);
			name = AlbumVisualizer;
			productName = AlbumVisualizer;
			productReference = 43D43638288016B500D9249A /* AlbumVisualizer.app */;
			productType = "com.apple.product-type.application";
		};
		43D43650288016B500D9249A /* AlbumVisualizerTests */ = {
			isa = PBXNativeTarget;
			buildConfigurationList = 43D43668288016B500D9249A /* Build configuration list for PBXNativeTarget "AlbumVisualizerTests" */;
			buildPhases = (
				D7A22A7C4A4833073580D746 /* [CP] Check Pods Manifest.lock */,
				43D4364D288016B500D9249A /* Sources */,
				43D4364E288016B500D9249A /* Frameworks */,
				43D4364F288016B500D9249A /* Resources */,
			);
			buildRules = (
			);
			dependencies = (
				43D43653288016B500D9249A /* PBXTargetDependency */,
			);
			name = AlbumVisualizerTests;
			productName = AlbumVisualizerTests;
			productReference = 43D43651288016B500D9249A /* AlbumVisualizerTests.xctest */;
			productType = "com.apple.product-type.bundle.unit-test";
		};
		43D4365A288016B500D9249A /* AlbumVisualizerUITests */ = {
			isa = PBXNativeTarget;
			buildConfigurationList = 43D4366B288016B500D9249A /* Build configuration list for PBXNativeTarget "AlbumVisualizerUITests" */;
			buildPhases = (
				ED1D515D76DF5BD7B10885E7 /* [CP] Check Pods Manifest.lock */,
				43D43657288016B500D9249A /* Sources */,
				43D43658288016B500D9249A /* Frameworks */,
				43D43659288016B500D9249A /* Resources */,
				6D0D0A324ED22B48531CBA17 /* [CP] Embed Pods Frameworks */,
			);
			buildRules = (
			);
			dependencies = (
				43D4365D288016B500D9249A /* PBXTargetDependency */,
			);
			name = AlbumVisualizerUITests;
			productName = AlbumVisualizerUITests;
			productReference = 43D4365B288016B500D9249A /* AlbumVisualizerUITests.xctest */;
			productType = "com.apple.product-type.bundle.ui-testing";
		};
/* End PBXNativeTarget section */

/* Begin PBXProject section */
		43D43630288016B500D9249A /* Project object */ = {
			isa = PBXProject;
			attributes = {
				BuildIndependentTargetsInParallel = 1;
				LastSwiftUpdateCheck = 1340;
				LastUpgradeCheck = 1340;
				TargetAttributes = {
					43D43637288016B500D9249A = {
						CreatedOnToolsVersion = 13.4.1;
					};
					43D43650288016B500D9249A = {
						CreatedOnToolsVersion = 13.4.1;
						TestTargetID = 43D43637288016B500D9249A;
					};
					43D4365A288016B500D9249A = {
						CreatedOnToolsVersion = 13.4.1;
						TestTargetID = 43D43637288016B500D9249A;
					};
				};
			};
			buildConfigurationList = 43D43633288016B500D9249A /* Build configuration list for PBXProject "AlbumVisualizer" */;
			compatibilityVersion = "Xcode 13.0";
			developmentRegion = en;
			hasScannedForEncodings = 0;
			knownRegions = (
				en,
				Base,
				fr,
			);
			mainGroup = 43D4362F288016B500D9249A;
			productRefGroup = 43D43639288016B500D9249A /* Products */;
			projectDirPath = "";
			projectRoot = "";
			targets = (
				43D43637288016B500D9249A /* AlbumVisualizer */,
				43D43650288016B500D9249A /* AlbumVisualizerTests */,
				43D4365A288016B500D9249A /* AlbumVisualizerUITests */,
			);
		};
/* End PBXProject section */

/* Begin PBXResourcesBuildPhase section */
		43D43636288016B500D9249A /* Resources */ = {
			isa = PBXResourcesBuildPhase;
			buildActionMask = 2147483647;
			files = (
				43D4364B288016B500D9249A /* LaunchScreen.storyboard in Resources */,
				43D436962880521500D9249A /* swiftgen.yml in Resources */,
				43D43648288016B500D9249A /* Assets.xcassets in Resources */,
				43D436A02880546F00D9249A /* Image.json in Resources */,
				43D436942880338B00D9249A /* PhotoDetail.storyboard in Resources */,
				43D4368A2880334B00D9249A /* Photos.storyboard in Resources */,
				43D4369A288052EC00D9249A /* Localizable.strings in Resources */,
				43D43682288032C400D9249A /* OnBoarding.storyboard in Resources */,
				43D43684288032EB00D9249A /* Album.storyboard in Resources */,
			);
			runOnlyForDeploymentPostprocessing = 0;
		};
		43D4364F288016B500D9249A /* Resources */ = {
			isa = PBXResourcesBuildPhase;
			buildActionMask = 2147483647;
			files = (
			);
			runOnlyForDeploymentPostprocessing = 0;
		};
		43D43659288016B500D9249A /* Resources */ = {
			isa = PBXResourcesBuildPhase;
			buildActionMask = 2147483647;
			files = (
			);
			runOnlyForDeploymentPostprocessing = 0;
		};
/* End PBXResourcesBuildPhase section */

/* Begin PBXShellScriptBuildPhase section */
		43D436A2288056F700D9249A /* ShellScript */ = {
			isa = PBXShellScriptBuildPhase;
			buildActionMask = 2147483647;
			files = (
			);
			inputFileListPaths = (
			);
			inputPaths = (
			);
			outputFileListPaths = (
			);
			outputPaths = (
			);
			runOnlyForDeploymentPostprocessing = 0;
			shellPath = /bin/sh;
			shellScript = "# Type a script or drag a script file from your workspace to insert its path.\nif [[ -f \"${PODS_ROOT}/SwiftGen/bin/swiftgen\" ]]; then\n  \"${PODS_ROOT}/SwiftGen/bin/swiftgen\"\nelse\n  echo \"warning: SwiftGen is not installed. Run 'pod install --repo-update' to install it.\"\nfi\n";
		};
		544A4A7640D684D277899086 /* [CP] Check Pods Manifest.lock */ = {
			isa = PBXShellScriptBuildPhase;
			buildActionMask = 2147483647;
			files = (
			);
			inputFileListPaths = (
			);
			inputPaths = (
				"${PODS_PODFILE_DIR_PATH}/Podfile.lock",
				"${PODS_ROOT}/Manifest.lock",
			);
			name = "[CP] Check Pods Manifest.lock";
			outputFileListPaths = (
			);
			outputPaths = (
				"$(DERIVED_FILE_DIR)/Pods-AlbumVisualizer-checkManifestLockResult.txt",
			);
			runOnlyForDeploymentPostprocessing = 0;
			shellPath = /bin/sh;
			shellScript = "diff \"${PODS_PODFILE_DIR_PATH}/Podfile.lock\" \"${PODS_ROOT}/Manifest.lock\" > /dev/null\nif [ $? != 0 ] ; then\n    # print error to STDERR\n    echo \"error: The sandbox is not in sync with the Podfile.lock. Run 'pod install' or update your CocoaPods installation.\" >&2\n    exit 1\nfi\n# This output is used by Xcode 'outputs' to avoid re-running this script phase.\necho \"SUCCESS\" > \"${SCRIPT_OUTPUT_FILE_0}\"\n";
			showEnvVarsInLog = 0;
		};
		6D0D0A324ED22B48531CBA17 /* [CP] Embed Pods Frameworks */ = {
			isa = PBXShellScriptBuildPhase;
			buildActionMask = 2147483647;
			files = (
			);
			inputFileListPaths = (
				"${PODS_ROOT}/Target Support Files/Pods-AlbumVisualizer-AlbumVisualizerUITests/Pods-AlbumVisualizer-AlbumVisualizerUITests-frameworks-${CONFIGURATION}-input-files.xcfilelist",
			);
			name = "[CP] Embed Pods Frameworks";
			outputFileListPaths = (
				"${PODS_ROOT}/Target Support Files/Pods-AlbumVisualizer-AlbumVisualizerUITests/Pods-AlbumVisualizer-AlbumVisualizerUITests-frameworks-${CONFIGURATION}-output-files.xcfilelist",
			);
			runOnlyForDeploymentPostprocessing = 0;
			shellPath = /bin/sh;
			shellScript = "\"${PODS_ROOT}/Target Support Files/Pods-AlbumVisualizer-AlbumVisualizerUITests/Pods-AlbumVisualizer-AlbumVisualizerUITests-frameworks.sh\"\n";
			showEnvVarsInLog = 0;
		};
		727E0BC6552D9FBA5EEFC6A0 /* [CP] Embed Pods Frameworks */ = {
			isa = PBXShellScriptBuildPhase;
			buildActionMask = 2147483647;
			files = (
			);
			inputFileListPaths = (
				"${PODS_ROOT}/Target Support Files/Pods-AlbumVisualizer/Pods-AlbumVisualizer-frameworks-${CONFIGURATION}-input-files.xcfilelist",
			);
			name = "[CP] Embed Pods Frameworks";
			outputFileListPaths = (
				"${PODS_ROOT}/Target Support Files/Pods-AlbumVisualizer/Pods-AlbumVisualizer-frameworks-${CONFIGURATION}-output-files.xcfilelist",
			);
			runOnlyForDeploymentPostprocessing = 0;
			shellPath = /bin/sh;
			shellScript = "\"${PODS_ROOT}/Target Support Files/Pods-AlbumVisualizer/Pods-AlbumVisualizer-frameworks.sh\"\n";
			showEnvVarsInLog = 0;
		};
		D7A22A7C4A4833073580D746 /* [CP] Check Pods Manifest.lock */ = {
			isa = PBXShellScriptBuildPhase;
			buildActionMask = 2147483647;
			files = (
			);
			inputFileListPaths = (
			);
			inputPaths = (
				"${PODS_PODFILE_DIR_PATH}/Podfile.lock",
				"${PODS_ROOT}/Manifest.lock",
			);
			name = "[CP] Check Pods Manifest.lock";
			outputFileListPaths = (
			);
			outputPaths = (
				"$(DERIVED_FILE_DIR)/Pods-AlbumVisualizerTests-checkManifestLockResult.txt",
			);
			runOnlyForDeploymentPostprocessing = 0;
			shellPath = /bin/sh;
			shellScript = "diff \"${PODS_PODFILE_DIR_PATH}/Podfile.lock\" \"${PODS_ROOT}/Manifest.lock\" > /dev/null\nif [ $? != 0 ] ; then\n    # print error to STDERR\n    echo \"error: The sandbox is not in sync with the Podfile.lock. Run 'pod install' or update your CocoaPods installation.\" >&2\n    exit 1\nfi\n# This output is used by Xcode 'outputs' to avoid re-running this script phase.\necho \"SUCCESS\" > \"${SCRIPT_OUTPUT_FILE_0}\"\n";
			showEnvVarsInLog = 0;
		};
		ED1D515D76DF5BD7B10885E7 /* [CP] Check Pods Manifest.lock */ = {
			isa = PBXShellScriptBuildPhase;
			buildActionMask = 2147483647;
			files = (
			);
			inputFileListPaths = (
			);
			inputPaths = (
				"${PODS_PODFILE_DIR_PATH}/Podfile.lock",
				"${PODS_ROOT}/Manifest.lock",
			);
			name = "[CP] Check Pods Manifest.lock";
			outputFileListPaths = (
			);
			outputPaths = (
				"$(DERIVED_FILE_DIR)/Pods-AlbumVisualizer-AlbumVisualizerUITests-checkManifestLockResult.txt",
			);
			runOnlyForDeploymentPostprocessing = 0;
			shellPath = /bin/sh;
			shellScript = "diff \"${PODS_PODFILE_DIR_PATH}/Podfile.lock\" \"${PODS_ROOT}/Manifest.lock\" > /dev/null\nif [ $? != 0 ] ; then\n    # print error to STDERR\n    echo \"error: The sandbox is not in sync with the Podfile.lock. Run 'pod install' or update your CocoaPods installation.\" >&2\n    exit 1\nfi\n# This output is used by Xcode 'outputs' to avoid re-running this script phase.\necho \"SUCCESS\" > \"${SCRIPT_OUTPUT_FILE_0}\"\n";
			showEnvVarsInLog = 0;
		};
/* End PBXShellScriptBuildPhase section */

/* Begin PBXSourcesBuildPhase section */
		43D43634288016B500D9249A /* Sources */ = {
			isa = PBXSourcesBuildPhase;
			buildActionMask = 2147483647;
			files = (
				43D436702880173A00D9249A /* EndPoints.swift in Sources */,
				43D436AA2880607B00D9249A /* AnimateHighlight.swift in Sources */,
				43D436AF2881A28400D9249A /* UserDefaults+Keys.swift in Sources */,
				43D436BC2881BD7100D9249A /* Photo.swift in Sources */,
				43CB72D3288578300092B467 /* CoreDataManager.swift in Sources */,
				43CB72D528857E2C0092B467 /* AlbumEntity.swift in Sources */,
				43D4367E288032A100D9249A /* OnBoardingViewController.swift in Sources */,
				43D436C82884A84D00D9249A /* PhotoCollectionViewCell.swift in Sources */,
				43D436862880333400D9249A /* AlbumViewController.swift in Sources */,
				43D436A52880584C00D9249A /* Strings+Generated.swift in Sources */,
				43D43680288032AA00D9249A /* OnBoardingViewModel.swift in Sources */,
				43D4363C288016B500D9249A /* AppDelegate.swift in Sources */,
				43D436B32881A43200D9249A /* IB-Segues+Generated.swift in Sources */,
				43D4363E288016B500D9249A /* SceneDelegate.swift in Sources */,
				43D436B22881A43200D9249A /* IB-Scenes+Generated.swift in Sources */,
				43D436AC2880609700D9249A /* ButtonAnimated.swift in Sources */,
				43CB72D72885806B0092B467 /* PhotosEntity.swift in Sources */,
				43D436C42881C43D00D9249A /* PhotoService.swift in Sources */,
				43D436CA2884AD7300D9249A /* UIViewController+presentAlert.swift in Sources */,
				439524A7288751D1006E2C68 /* AlbumVisualizer.xcdatamodeld in Sources */,
				43D436A62880584C00D9249A /* XCAssets+Generated.swift in Sources */,
				43D436922880338700D9249A /* PhotoDetailViewController.swift in Sources */,
				43D436742880183E00D9249A /* URLSession+Service.swift in Sources */,
				43D436BA2881BD6000D9249A /* Album.swift in Sources */,
				43D4368C2880335300D9249A /* PhotoViewController.swift in Sources */,
				43D436C22881C43200D9249A /* AlbumService.swift in Sources */,
				43D436C62884826100D9249A /* Response.swift in Sources */,
			);
			runOnlyForDeploymentPostprocessing = 0;
		};
		43D4364D288016B500D9249A /* Sources */ = {
			isa = PBXSourcesBuildPhase;
			buildActionMask = 2147483647;
			files = (
				43D43656288016B500D9249A /* AlbumVisualizerTests.swift in Sources */,
			);
			runOnlyForDeploymentPostprocessing = 0;
		};
		43D43657288016B500D9249A /* Sources */ = {
			isa = PBXSourcesBuildPhase;
			buildActionMask = 2147483647;
			files = (
				43D43662288016B500D9249A /* AlbumVisualizerUITestsLaunchTests.swift in Sources */,
				43D43660288016B500D9249A /* AlbumVisualizerUITests.swift in Sources */,
			);
			runOnlyForDeploymentPostprocessing = 0;
		};
/* End PBXSourcesBuildPhase section */

/* Begin PBXTargetDependency section */
		43D43653288016B500D9249A /* PBXTargetDependency */ = {
			isa = PBXTargetDependency;
			target = 43D43637288016B500D9249A /* AlbumVisualizer */;
			targetProxy = 43D43652288016B500D9249A /* PBXContainerItemProxy */;
		};
		43D4365D288016B500D9249A /* PBXTargetDependency */ = {
			isa = PBXTargetDependency;
			target = 43D43637288016B500D9249A /* AlbumVisualizer */;
			targetProxy = 43D4365C288016B500D9249A /* PBXContainerItemProxy */;
		};
/* End PBXTargetDependency section */

/* Begin PBXVariantGroup section */
		43D43649288016B500D9249A /* LaunchScreen.storyboard */ = {
			isa = PBXVariantGroup;
			children = (
				43D4364A288016B500D9249A /* Base */,
			);
			name = LaunchScreen.storyboard;
			sourceTree = "<group>";
		};
		43D4369C288052EC00D9249A /* Localizable.strings */ = {
			isa = PBXVariantGroup;
			children = (
				43D4369B288052EC00D9249A /* en */,
				43D4369D2880534400D9249A /* fr */,
			);
			name = Localizable.strings;
			sourceTree = "<group>";
		};
/* End PBXVariantGroup section */

/* Begin XCBuildConfiguration section */
		43D43663288016B500D9249A /* Debug */ = {
			isa = XCBuildConfiguration;
			buildSettings = {
				ALWAYS_SEARCH_USER_PATHS = NO;
				CLANG_ANALYZER_LOCALIZABILITY_NONLOCALIZED = YES;
				CLANG_ANALYZER_NONNULL = YES;
				CLANG_ANALYZER_NUMBER_OBJECT_CONVERSION = YES_AGGRESSIVE;
				CLANG_CXX_LANGUAGE_STANDARD = "gnu++17";
				CLANG_ENABLE_MODULES = YES;
				CLANG_ENABLE_OBJC_ARC = YES;
				CLANG_ENABLE_OBJC_WEAK = YES;
				CLANG_WARN_BLOCK_CAPTURE_AUTORELEASING = YES;
				CLANG_WARN_BOOL_CONVERSION = YES;
				CLANG_WARN_COMMA = YES;
				CLANG_WARN_CONSTANT_CONVERSION = YES;
				CLANG_WARN_DEPRECATED_OBJC_IMPLEMENTATIONS = YES;
				CLANG_WARN_DIRECT_OBJC_ISA_USAGE = YES_ERROR;
				CLANG_WARN_DOCUMENTATION_COMMENTS = YES;
				CLANG_WARN_EMPTY_BODY = YES;
				CLANG_WARN_ENUM_CONVERSION = YES;
				CLANG_WARN_INFINITE_RECURSION = YES;
				CLANG_WARN_INT_CONVERSION = YES;
				CLANG_WARN_NON_LITERAL_NULL_CONVERSION = YES;
				CLANG_WARN_OBJC_IMPLICIT_RETAIN_SELF = YES;
				CLANG_WARN_OBJC_LITERAL_CONVERSION = YES;
				CLANG_WARN_OBJC_ROOT_CLASS = YES_ERROR;
				CLANG_WARN_QUOTED_INCLUDE_IN_FRAMEWORK_HEADER = YES;
				CLANG_WARN_RANGE_LOOP_ANALYSIS = YES;
				CLANG_WARN_STRICT_PROTOTYPES = YES;
				CLANG_WARN_SUSPICIOUS_MOVE = YES;
				CLANG_WARN_UNGUARDED_AVAILABILITY = YES_AGGRESSIVE;
				CLANG_WARN_UNREACHABLE_CODE = YES;
				CLANG_WARN__DUPLICATE_METHOD_MATCH = YES;
				COPY_PHASE_STRIP = NO;
				DEBUG_INFORMATION_FORMAT = dwarf;
				ENABLE_STRICT_OBJC_MSGSEND = YES;
				ENABLE_TESTABILITY = YES;
				GCC_C_LANGUAGE_STANDARD = gnu11;
				GCC_DYNAMIC_NO_PIC = NO;
				GCC_NO_COMMON_BLOCKS = YES;
				GCC_OPTIMIZATION_LEVEL = 0;
				GCC_PREPROCESSOR_DEFINITIONS = (
					"DEBUG=1",
					"$(inherited)",
				);
				GCC_WARN_64_TO_32_BIT_CONVERSION = YES;
				GCC_WARN_ABOUT_RETURN_TYPE = YES_ERROR;
				GCC_WARN_UNDECLARED_SELECTOR = YES;
				GCC_WARN_UNINITIALIZED_AUTOS = YES_AGGRESSIVE;
				GCC_WARN_UNUSED_FUNCTION = YES;
				GCC_WARN_UNUSED_VARIABLE = YES;
				IPHONEOS_DEPLOYMENT_TARGET = 13.0;
				MTL_ENABLE_DEBUG_INFO = INCLUDE_SOURCE;
				MTL_FAST_MATH = YES;
				ONLY_ACTIVE_ARCH = YES;
				SDKROOT = iphoneos;
				SWIFT_ACTIVE_COMPILATION_CONDITIONS = DEBUG;
				SWIFT_OPTIMIZATION_LEVEL = "-Onone";
			};
			name = Debug;
		};
		43D43664288016B500D9249A /* Release */ = {
			isa = XCBuildConfiguration;
			buildSettings = {
				ALWAYS_SEARCH_USER_PATHS = NO;
				CLANG_ANALYZER_LOCALIZABILITY_NONLOCALIZED = YES;
				CLANG_ANALYZER_NONNULL = YES;
				CLANG_ANALYZER_NUMBER_OBJECT_CONVERSION = YES_AGGRESSIVE;
				CLANG_CXX_LANGUAGE_STANDARD = "gnu++17";
				CLANG_ENABLE_MODULES = YES;
				CLANG_ENABLE_OBJC_ARC = YES;
				CLANG_ENABLE_OBJC_WEAK = YES;
				CLANG_WARN_BLOCK_CAPTURE_AUTORELEASING = YES;
				CLANG_WARN_BOOL_CONVERSION = YES;
				CLANG_WARN_COMMA = YES;
				CLANG_WARN_CONSTANT_CONVERSION = YES;
				CLANG_WARN_DEPRECATED_OBJC_IMPLEMENTATIONS = YES;
				CLANG_WARN_DIRECT_OBJC_ISA_USAGE = YES_ERROR;
				CLANG_WARN_DOCUMENTATION_COMMENTS = YES;
				CLANG_WARN_EMPTY_BODY = YES;
				CLANG_WARN_ENUM_CONVERSION = YES;
				CLANG_WARN_INFINITE_RECURSION = YES;
				CLANG_WARN_INT_CONVERSION = YES;
				CLANG_WARN_NON_LITERAL_NULL_CONVERSION = YES;
				CLANG_WARN_OBJC_IMPLICIT_RETAIN_SELF = YES;
				CLANG_WARN_OBJC_LITERAL_CONVERSION = YES;
				CLANG_WARN_OBJC_ROOT_CLASS = YES_ERROR;
				CLANG_WARN_QUOTED_INCLUDE_IN_FRAMEWORK_HEADER = YES;
				CLANG_WARN_RANGE_LOOP_ANALYSIS = YES;
				CLANG_WARN_STRICT_PROTOTYPES = YES;
				CLANG_WARN_SUSPICIOUS_MOVE = YES;
				CLANG_WARN_UNGUARDED_AVAILABILITY = YES_AGGRESSIVE;
				CLANG_WARN_UNREACHABLE_CODE = YES;
				CLANG_WARN__DUPLICATE_METHOD_MATCH = YES;
				COPY_PHASE_STRIP = NO;
				DEBUG_INFORMATION_FORMAT = "dwarf-with-dsym";
				ENABLE_NS_ASSERTIONS = NO;
				ENABLE_STRICT_OBJC_MSGSEND = YES;
				GCC_C_LANGUAGE_STANDARD = gnu11;
				GCC_NO_COMMON_BLOCKS = YES;
				GCC_WARN_64_TO_32_BIT_CONVERSION = YES;
				GCC_WARN_ABOUT_RETURN_TYPE = YES_ERROR;
				GCC_WARN_UNDECLARED_SELECTOR = YES;
				GCC_WARN_UNINITIALIZED_AUTOS = YES_AGGRESSIVE;
				GCC_WARN_UNUSED_FUNCTION = YES;
				GCC_WARN_UNUSED_VARIABLE = YES;
				IPHONEOS_DEPLOYMENT_TARGET = 13.0;
				MTL_ENABLE_DEBUG_INFO = NO;
				MTL_FAST_MATH = YES;
				SDKROOT = iphoneos;
				SWIFT_COMPILATION_MODE = wholemodule;
				SWIFT_OPTIMIZATION_LEVEL = "-O";
				VALIDATE_PRODUCT = YES;
			};
			name = Release;
		};
		43D43666288016B500D9249A /* Debug */ = {
			isa = XCBuildConfiguration;
			baseConfigurationReference = DFC1EC3FEF637BFA2D385934 /* Pods-AlbumVisualizer.debug.xcconfig */;
			buildSettings = {
				ASSETCATALOG_COMPILER_APPICON_NAME = AppIcon;
				ASSETCATALOG_COMPILER_GLOBAL_ACCENT_COLOR_NAME = AccentColor;
				CODE_SIGN_STYLE = Automatic;
				CURRENT_PROJECT_VERSION = 1;
				DEVELOPMENT_TEAM = NRKB5KQT35;
				GENERATE_INFOPLIST_FILE = YES;
				INFOPLIST_FILE = AlbumVisualizer/Info.plist;
				INFOPLIST_KEY_UIApplicationSupportsIndirectInputEvents = YES;
				INFOPLIST_KEY_UILaunchStoryboardName = LaunchScreen;
				INFOPLIST_KEY_UIMainStoryboardFile = Album;
				INFOPLIST_KEY_UISupportedInterfaceOrientations_iPad = "UIInterfaceOrientationPortrait UIInterfaceOrientationPortraitUpsideDown UIInterfaceOrientationLandscapeLeft UIInterfaceOrientationLandscapeRight";
				INFOPLIST_KEY_UISupportedInterfaceOrientations_iPhone = "UIInterfaceOrientationPortrait UIInterfaceOrientationLandscapeLeft UIInterfaceOrientationLandscapeRight";
				IPHONEOS_DEPLOYMENT_TARGET = 13.0;
				LD_RUNPATH_SEARCH_PATHS = (
					"$(inherited)",
					"@executable_path/Frameworks",
				);
				MARKETING_VERSION = 1.0;
				PRODUCT_BUNDLE_IDENTIFIER = valentinmille.AlbumVisualizer;
				PRODUCT_NAME = "$(TARGET_NAME)";
				SWIFT_EMIT_LOC_STRINGS = YES;
				SWIFT_VERSION = 5.0;
				TARGETED_DEVICE_FAMILY = "1,2";
			};
			name = Debug;
		};
		43D43667288016B500D9249A /* Release */ = {
			isa = XCBuildConfiguration;
			baseConfigurationReference = 081DBB60696604230AE89530 /* Pods-AlbumVisualizer.release.xcconfig */;
			buildSettings = {
				ASSETCATALOG_COMPILER_APPICON_NAME = AppIcon;
				ASSETCATALOG_COMPILER_GLOBAL_ACCENT_COLOR_NAME = AccentColor;
				CODE_SIGN_STYLE = Automatic;
				CURRENT_PROJECT_VERSION = 1;
				DEVELOPMENT_TEAM = NRKB5KQT35;
				GENERATE_INFOPLIST_FILE = YES;
				INFOPLIST_FILE = AlbumVisualizer/Info.plist;
				INFOPLIST_KEY_UIApplicationSupportsIndirectInputEvents = YES;
				INFOPLIST_KEY_UILaunchStoryboardName = LaunchScreen;
				INFOPLIST_KEY_UIMainStoryboardFile = Album;
				INFOPLIST_KEY_UISupportedInterfaceOrientations_iPad = "UIInterfaceOrientationPortrait UIInterfaceOrientationPortraitUpsideDown UIInterfaceOrientationLandscapeLeft UIInterfaceOrientationLandscapeRight";
				INFOPLIST_KEY_UISupportedInterfaceOrientations_iPhone = "UIInterfaceOrientationPortrait UIInterfaceOrientationLandscapeLeft UIInterfaceOrientationLandscapeRight";
				IPHONEOS_DEPLOYMENT_TARGET = 13.0;
				LD_RUNPATH_SEARCH_PATHS = (
					"$(inherited)",
					"@executable_path/Frameworks",
				);
				MARKETING_VERSION = 1.0;
				PRODUCT_BUNDLE_IDENTIFIER = valentinmille.AlbumVisualizer;
				PRODUCT_NAME = "$(TARGET_NAME)";
				SWIFT_EMIT_LOC_STRINGS = YES;
				SWIFT_VERSION = 5.0;
				TARGETED_DEVICE_FAMILY = "1,2";
			};
			name = Release;
		};
		43D43669288016B500D9249A /* Debug */ = {
			isa = XCBuildConfiguration;
			baseConfigurationReference = D561C8A813972ED6E44DF323 /* Pods-AlbumVisualizerTests.debug.xcconfig */;
			buildSettings = {
				ALWAYS_EMBED_SWIFT_STANDARD_LIBRARIES = YES;
				BUNDLE_LOADER = "$(TEST_HOST)";
				CODE_SIGN_STYLE = Automatic;
				CURRENT_PROJECT_VERSION = 1;
				DEVELOPMENT_TEAM = NRKB5KQT35;
				GENERATE_INFOPLIST_FILE = YES;
				IPHONEOS_DEPLOYMENT_TARGET = 15.5;
				MARKETING_VERSION = 1.0;
				PRODUCT_BUNDLE_IDENTIFIER = valentinmille.AlbumVisualizerTests;
				PRODUCT_NAME = "$(TARGET_NAME)";
				SWIFT_EMIT_LOC_STRINGS = NO;
				SWIFT_VERSION = 5.0;
				TARGETED_DEVICE_FAMILY = "1,2";
				TEST_HOST = "$(BUILT_PRODUCTS_DIR)/AlbumVisualizer.app/AlbumVisualizer";
			};
			name = Debug;
		};
		43D4366A288016B500D9249A /* Release */ = {
			isa = XCBuildConfiguration;
			baseConfigurationReference = D42C6CE3B53522E3E690445F /* Pods-AlbumVisualizerTests.release.xcconfig */;
			buildSettings = {
				ALWAYS_EMBED_SWIFT_STANDARD_LIBRARIES = YES;
				BUNDLE_LOADER = "$(TEST_HOST)";
				CODE_SIGN_STYLE = Automatic;
				CURRENT_PROJECT_VERSION = 1;
				DEVELOPMENT_TEAM = NRKB5KQT35;
				GENERATE_INFOPLIST_FILE = YES;
				IPHONEOS_DEPLOYMENT_TARGET = 15.5;
				MARKETING_VERSION = 1.0;
				PRODUCT_BUNDLE_IDENTIFIER = valentinmille.AlbumVisualizerTests;
				PRODUCT_NAME = "$(TARGET_NAME)";
				SWIFT_EMIT_LOC_STRINGS = NO;
				SWIFT_VERSION = 5.0;
				TARGETED_DEVICE_FAMILY = "1,2";
				TEST_HOST = "$(BUILT_PRODUCTS_DIR)/AlbumVisualizer.app/AlbumVisualizer";
			};
			name = Release;
		};
		43D4366C288016B500D9249A /* Debug */ = {
			isa = XCBuildConfiguration;
			baseConfigurationReference = 1D557921B7E051E4E042FF13 /* Pods-AlbumVisualizer-AlbumVisualizerUITests.debug.xcconfig */;
			buildSettings = {
				ALWAYS_EMBED_SWIFT_STANDARD_LIBRARIES = YES;
				CODE_SIGN_STYLE = Automatic;
				CURRENT_PROJECT_VERSION = 1;
				DEVELOPMENT_TEAM = NRKB5KQT35;
				GENERATE_INFOPLIST_FILE = YES;
				MARKETING_VERSION = 1.0;
				PRODUCT_BUNDLE_IDENTIFIER = valentinmille.AlbumVisualizerUITests;
				PRODUCT_NAME = "$(TARGET_NAME)";
				SWIFT_EMIT_LOC_STRINGS = NO;
				SWIFT_VERSION = 5.0;
				TARGETED_DEVICE_FAMILY = "1,2";
				TEST_TARGET_NAME = AlbumVisualizer;
			};
			name = Debug;
		};
		43D4366D288016B500D9249A /* Release */ = {
			isa = XCBuildConfiguration;
			baseConfigurationReference = 78F8758C9A905C1DF352FDB8 /* Pods-AlbumVisualizer-AlbumVisualizerUITests.release.xcconfig */;
			buildSettings = {
				ALWAYS_EMBED_SWIFT_STANDARD_LIBRARIES = YES;
				CODE_SIGN_STYLE = Automatic;
				CURRENT_PROJECT_VERSION = 1;
				DEVELOPMENT_TEAM = NRKB5KQT35;
				GENERATE_INFOPLIST_FILE = YES;
				MARKETING_VERSION = 1.0;
				PRODUCT_BUNDLE_IDENTIFIER = valentinmille.AlbumVisualizerUITests;
				PRODUCT_NAME = "$(TARGET_NAME)";
				SWIFT_EMIT_LOC_STRINGS = NO;
				SWIFT_VERSION = 5.0;
				TARGETED_DEVICE_FAMILY = "1,2";
				TEST_TARGET_NAME = AlbumVisualizer;
			};
			name = Release;
		};
/* End XCBuildConfiguration section */

/* Begin XCConfigurationList section */
		43D43633288016B500D9249A /* Build configuration list for PBXProject "AlbumVisualizer" */ = {
			isa = XCConfigurationList;
			buildConfigurations = (
				43D43663288016B500D9249A /* Debug */,
				43D43664288016B500D9249A /* Release */,
			);
			defaultConfigurationIsVisible = 0;
			defaultConfigurationName = Release;
		};
		43D43665288016B500D9249A /* Build configuration list for PBXNativeTarget "AlbumVisualizer" */ = {
			isa = XCConfigurationList;
			buildConfigurations = (
				43D43666288016B500D9249A /* Debug */,
				43D43667288016B500D9249A /* Release */,
			);
			defaultConfigurationIsVisible = 0;
			defaultConfigurationName = Release;
		};
		43D43668288016B500D9249A /* Build configuration list for PBXNativeTarget "AlbumVisualizerTests" */ = {
			isa = XCConfigurationList;
			buildConfigurations = (
				43D43669288016B500D9249A /* Debug */,
				43D4366A288016B500D9249A /* Release */,
			);
			defaultConfigurationIsVisible = 0;
			defaultConfigurationName = Release;
		};
		43D4366B288016B500D9249A /* Build configuration list for PBXNativeTarget "AlbumVisualizerUITests" */ = {
			isa = XCConfigurationList;
			buildConfigurations = (
				43D4366C288016B500D9249A /* Debug */,
				43D4366D288016B500D9249A /* Release */,
			);
			defaultConfigurationIsVisible = 0;
			defaultConfigurationName = Release;
		};
/* End XCConfigurationList section */

/* Begin XCVersionGroup section */
		43CB72CF288565ED0092B467 /* AlbumVisualizer.xcdatamodeld */ = {
			isa = XCVersionGroup;
			children = (
				43CB72D0288565ED0092B467 /* Albums.xcdatamodel */,
			);
			currentVersion = 43CB72D0288565ED0092B467 /* Albums.xcdatamodel */;
			path = AlbumVisualizer.xcdatamodeld;
			sourceTree = "<group>";
			versionGroupType = wrapper.xcdatamodel;
		};
		43D43644288016B500D9249A /* AlbumVisualizer.xcdatamodeld */ = {
			isa = XCVersionGroup;
			children = (
				43D43645288016B500D9249A /* AlbumVisualizer.xcdatamodel */,
			);
			currentVersion = 43D43645288016B500D9249A /* AlbumVisualizer.xcdatamodel */;
			path = AlbumVisualizer.xcdatamodeld;
			sourceTree = "<group>";
			versionGroupType = wrapper.xcdatamodel;
		};
/* End XCVersionGroup section */
	};
	rootObject = 43D43630288016B500D9249A /* Project object */;
}
